// !$*UTF8*$!
{
	archiveVersion = 1;
	classes = {
	};
	objectVersion = 55;
	objects = {

/* Begin PBXBuildFile section */
		3D50914D2894C6BB00F102BA /* Home.swift in Sources */ = {isa = PBXBuildFile; fileRef = 3D50914C2894C6BB00F102BA /* Home.swift */; };
		3DC3FA0528910E4D003DDB0E /* UXApp.swift in Sources */ = {isa = PBXBuildFile; fileRef = 3DC3FA0428910E4D003DDB0E /* UXApp.swift */; };
		3DC3FA0728910E4D003DDB0E /* ContentView.swift in Sources */ = {isa = PBXBuildFile; fileRef = 3DC3FA0628910E4D003DDB0E /* ContentView.swift */; };
		3DC3FA0928910E4F003DDB0E /* Assets.xcassets in Resources */ = {isa = PBXBuildFile; fileRef = 3DC3FA0828910E4F003DDB0E /* Assets.xcassets */; };
		3DC3FA0C28910E4F003DDB0E /* Preview Assets.xcassets in Resources */ = {isa = PBXBuildFile; fileRef = 3DC3FA0B28910E4F003DDB0E /* Preview Assets.xcassets */; };
		3DC3FA1628910E4F003DDB0E /* UXTests.swift in Sources */ = {isa = PBXBuildFile; fileRef = 3DC3FA1528910E4F003DDB0E /* UXTests.swift */; };
		3DC3FA2028910E4F003DDB0E /* UXUITests.swift in Sources */ = {isa = PBXBuildFile; fileRef = 3DC3FA1F28910E4F003DDB0E /* UXUITests.swift */; };
		3DC3FA2228910E4F003DDB0E /* UXUITestsLaunchTests.swift in Sources */ = {isa = PBXBuildFile; fileRef = 3DC3FA2128910E4F003DDB0E /* UXUITestsLaunchTests.swift */; };
		3DC3FA312891144B003DDB0E /* BaseView.swift in Sources */ = {isa = PBXBuildFile; fileRef = 3DC3FA302891144B003DDB0E /* BaseView.swift */; };
		3DC3FA34289116D5003DDB0E /* SideMenu.swift in Sources */ = {isa = PBXBuildFile; fileRef = 3DC3FA33289116D5003DDB0E /* SideMenu.swift */; };
/* End PBXBuildFile section */

/* Begin PBXContainerItemProxy section */
		3DC3FA1228910E4F003DDB0E /* PBXContainerItemProxy */ = {
			isa = PBXContainerItemProxy;
			containerPortal = 3DC3F9F928910E4D003DDB0E /* Project object */;
			proxyType = 1;
			remoteGlobalIDString = 3DC3FA0028910E4D003DDB0E;
			remoteInfo = UX;
		};
		3DC3FA1C28910E4F003DDB0E /* PBXContainerItemProxy */ = {
			isa = PBXContainerItemProxy;
			containerPortal = 3DC3F9F928910E4D003DDB0E /* Project object */;
			proxyType = 1;
			remoteGlobalIDString = 3DC3FA0028910E4D003DDB0E;
			remoteInfo = UX;
		};
/* End PBXContainerItemProxy section */

/* Begin PBXFileReference section */
		3D50914C2894C6BB00F102BA /* Home.swift */ = {isa = PBXFileReference; lastKnownFileType = sourcecode.swift; path = Home.swift; sourceTree = "<group>"; };
		3DC3FA0128910E4D003DDB0E /* UX.app */ = {isa = PBXFileReference; explicitFileType = wrapper.application; includeInIndex = 0; path = UX.app; sourceTree = BUILT_PRODUCTS_DIR; };
		3DC3FA0428910E4D003DDB0E /* UXApp.swift */ = {isa = PBXFileReference; lastKnownFileType = sourcecode.swift; path = UXApp.swift; sourceTree = "<group>"; };
		3DC3FA0628910E4D003DDB0E /* ContentView.swift */ = {isa = PBXFileReference; lastKnownFileType = sourcecode.swift; path = ContentView.swift; sourceTree = "<group>"; };
		3DC3FA0828910E4F003DDB0E /* Assets.xcassets */ = {isa = PBXFileReference; lastKnownFileType = folder.assetcatalog; path = Assets.xcassets; sourceTree = "<group>"; };
		3DC3FA0B28910E4F003DDB0E /* Preview Assets.xcassets */ = {isa = PBXFileReference; lastKnownFileType = folder.assetcatalog; path = "Preview Assets.xcassets"; sourceTree = "<group>"; };
		3DC3FA1128910E4F003DDB0E /* UXTests.xctest */ = {isa = PBXFileReference; explicitFileType = wrapper.cfbundle; includeInIndex = 0; path = UXTests.xctest; sourceTree = BUILT_PRODUCTS_DIR; };
		3DC3FA1528910E4F003DDB0E /* UXTests.swift */ = {isa = PBXFileReference; lastKnownFileType = sourcecode.swift; path = UXTests.swift; sourceTree = "<group>"; };
		3DC3FA1B28910E4F003DDB0E /* UXUITests.xctest */ = {isa = PBXFileReference; explicitFileType = wrapper.cfbundle; includeInIndex = 0; path = UXUITests.xctest; sourceTree = BUILT_PRODUCTS_DIR; };
		3DC3FA1F28910E4F003DDB0E /* UXUITests.swift */ = {isa = PBXFileReference; lastKnownFileType = sourcecode.swift; path = UXUITests.swift; sourceTree = "<group>"; };
		3DC3FA2128910E4F003DDB0E /* UXUITestsLaunchTests.swift */ = {isa = PBXFileReference; lastKnownFileType = sourcecode.swift; path = UXUITestsLaunchTests.swift; sourceTree = "<group>"; };
		3DC3FA302891144B003DDB0E /* BaseView.swift */ = {isa = PBXFileReference; lastKnownFileType = sourcecode.swift; path = BaseView.swift; sourceTree = "<group>"; };
		3DC3FA33289116D5003DDB0E /* SideMenu.swift */ = {isa = PBXFileReference; lastKnownFileType = sourcecode.swift; path = SideMenu.swift; sourceTree = "<group>"; };
/* End PBXFileReference section */

/* Begin PBXFrameworksBuildPhase section */
		3DC3F9FE28910E4D003DDB0E /* Frameworks */ = {
			isa = PBXFrameworksBuildPhase;
			buildActionMask = 2147483647;
			files = (
			);
			runOnlyForDeploymentPostprocessing = 0;
		};
		3DC3FA0E28910E4F003DDB0E /* Frameworks */ = {
			isa = PBXFrameworksBuildPhase;
			buildActionMask = 2147483647;
			files = (
			);
			runOnlyForDeploymentPostprocessing = 0;
		};
		3DC3FA1828910E4F003DDB0E /* Frameworks */ = {
			isa = PBXFrameworksBuildPhase;
			buildActionMask = 2147483647;
			files = (
			);
			runOnlyForDeploymentPostprocessing = 0;
		};
/* End PBXFrameworksBuildPhase section */

/* Begin PBXGroup section */
		3DC3F9F828910E4D003DDB0E = {
			isa = PBXGroup;
			children = (
				3DC3FA0328910E4D003DDB0E /* UX */,
				3DC3FA1428910E4F003DDB0E /* UXTests */,
				3DC3FA1E28910E4F003DDB0E /* UXUITests */,
				3DC3FA0228910E4D003DDB0E /* Products */,
			);
			sourceTree = "<group>";
		};
		3DC3FA0228910E4D003DDB0E /* Products */ = {
			isa = PBXGroup;
			children = (
				3DC3FA0128910E4D003DDB0E /* UX.app */,
				3DC3FA1128910E4F003DDB0E /* UXTests.xctest */,
				3DC3FA1B28910E4F003DDB0E /* UXUITests.xctest */,
			);
			name = Products;
			sourceTree = "<group>";
		};
		3DC3FA0328910E4D003DDB0E /* UX */ = {
			isa = PBXGroup;
			children = (
				3DC3FA2F289113F2003DDB0E /* View */,
				3DC3FA0428910E4D003DDB0E /* UXApp.swift */,
				3DC3FA0628910E4D003DDB0E /* ContentView.swift */,
				3DC3FA0828910E4F003DDB0E /* Assets.xcassets */,
				3DC3FA0A28910E4F003DDB0E /* Preview Content */,
			);
			path = UX;
			sourceTree = "<group>";
		};
		3DC3FA0A28910E4F003DDB0E /* Preview Content */ = {
			isa = PBXGroup;
			children = (
				3DC3FA0B28910E4F003DDB0E /* Preview Assets.xcassets */,
			);
			path = "Preview Content";
			sourceTree = "<group>";
		};
		3DC3FA1428910E4F003DDB0E /* UXTests */ = {
			isa = PBXGroup;
			children = (
				3DC3FA1528910E4F003DDB0E /* UXTests.swift */,
			);
			path = UXTests;
			sourceTree = "<group>";
		};
		3DC3FA1E28910E4F003DDB0E /* UXUITests */ = {
			isa = PBXGroup;
			children = (
				3DC3FA1F28910E4F003DDB0E /* UXUITests.swift */,
				3DC3FA2128910E4F003DDB0E /* UXUITestsLaunchTests.swift */,
			);
			path = UXUITests;
			sourceTree = "<group>";
		};
		3DC3FA2F289113F2003DDB0E /* View */ = {
			isa = PBXGroup;
			children = (
				3DC3FA302891144B003DDB0E /* BaseView.swift */,
				3DC3FA33289116D5003DDB0E /* SideMenu.swift */,
				3D50914C2894C6BB00F102BA /* Home.swift */,
			);
			path = View;
			sourceTree = "<group>";
		};
/* End PBXGroup section */

/* Begin PBXNativeTarget section */
		3DC3FA0028910E4D003DDB0E /* UX */ = {
			isa = PBXNativeTarget;
			buildConfigurationList = 3DC3FA2528910E4F003DDB0E /* Build configuration list for PBXNativeTarget "UX" */;
			buildPhases = (
				3DC3F9FD28910E4D003DDB0E /* Sources */,
				3DC3F9FE28910E4D003DDB0E /* Frameworks */,
				3DC3F9FF28910E4D003DDB0E /* Resources */,
			);
			buildRules = (
			);
			dependencies = (
			);
			name = UX;
			productName = UX;
			productReference = 3DC3FA0128910E4D003DDB0E /* UX.app */;
			productType = "com.apple.product-type.application";
		};
		3DC3FA1028910E4F003DDB0E /* UXTests */ = {
			isa = PBXNativeTarget;
			buildConfigurationList = 3DC3FA2828910E4F003DDB0E /* Build configuration list for PBXNativeTarget "UXTests" */;
			buildPhases = (
				3DC3FA0D28910E4F003DDB0E /* Sources */,
				3DC3FA0E28910E4F003DDB0E /* Frameworks */,
				3DC3FA0F28910E4F003DDB0E /* Resources */,
			);
			buildRules = (
			);
			dependencies = (
				3DC3FA1328910E4F003DDB0E /* PBXTargetDependency */,
			);
			name = UXTests;
			productName = UXTests;
			productReference = 3DC3FA1128910E4F003DDB0E /* UXTests.xctest */;
			productType = "com.apple.product-type.bundle.unit-test";
		};
		3DC3FA1A28910E4F003DDB0E /* UXUITests */ = {
			isa = PBXNativeTarget;
			buildConfigurationList = 3DC3FA2B28910E4F003DDB0E /* Build configuration list for PBXNativeTarget "UXUITests" */;
			buildPhases = (
				3DC3FA1728910E4F003DDB0E /* Sources */,
				3DC3FA1828910E4F003DDB0E /* Frameworks */,
				3DC3FA1928910E4F003DDB0E /* Resources */,
			);
			buildRules = (
			);
			dependencies = (
				3DC3FA1D28910E4F003DDB0E /* PBXTargetDependency */,
			);
			name = UXUITests;
			productName = UXUITests;
			productReference = 3DC3FA1B28910E4F003DDB0E /* UXUITests.xctest */;
			productType = "com.apple.product-type.bundle.ui-testing";
		};
/* End PBXNativeTarget section */

/* Begin PBXProject section */
		3DC3F9F928910E4D003DDB0E /* Project object */ = {
			isa = PBXProject;
			attributes = {
				BuildIndependentTargetsInParallel = 1;
				LastSwiftUpdateCheck = 1340;
				LastUpgradeCheck = 1340;
				TargetAttributes = {
					3DC3FA0028910E4D003DDB0E = {
						CreatedOnToolsVersion = 13.4.1;
					};
					3DC3FA1028910E4F003DDB0E = {
						CreatedOnToolsVersion = 13.4.1;
						TestTargetID = 3DC3FA0028910E4D003DDB0E;
					};
					3DC3FA1A28910E4F003DDB0E = {
						CreatedOnToolsVersion = 13.4.1;
						TestTargetID = 3DC3FA0028910E4D003DDB0E;
					};
				};
			};
			buildConfigurationList = 3DC3F9FC28910E4D003DDB0E /* Build configuration list for PBXProject "UX" */;
			compatibilityVersion = "Xcode 13.0";
			developmentRegion = en;
			hasScannedForEncodings = 0;
			knownRegions = (
				en,
				Base,
			);
			mainGroup = 3DC3F9F828910E4D003DDB0E;
			productRefGroup = 3DC3FA0228910E4D003DDB0E /* Products */;
			projectDirPath = "";
			projectRoot = "";
			targets = (
				3DC3FA0028910E4D003DDB0E /* UX */,
				3DC3FA1028910E4F003DDB0E /* UXTests */,
				3DC3FA1A28910E4F003DDB0E /* UXUITests */,
			);
		};
/* End PBXProject section */

/* Begin PBXResourcesBuildPhase section */
		3DC3F9FF28910E4D003DDB0E /* Resources */ = {
			isa = PBXResourcesBuildPhase;
			buildActionMask = 2147483647;
			files = (
				3DC3FA0C28910E4F003DDB0E /* Preview Assets.xcassets in Resources */,
				3DC3FA0928910E4F003DDB0E /* Assets.xcassets in Resources */,
			);
			runOnlyForDeploymentPostprocessing = 0;
		};
		3DC3FA0F28910E4F003DDB0E /* Resources */ = {
			isa = PBXResourcesBuildPhase;
			buildActionMask = 2147483647;
			files = (
			);
			runOnlyForDeploymentPostprocessing = 0;
		};
		3DC3FA1928910E4F003DDB0E /* Resources */ = {
			isa = PBXResourcesBuildPhase;
			buildActionMask = 2147483647;
			files = (
			);
			runOnlyForDeploymentPostprocessing = 0;
		};
/* End PBXResourcesBuildPhase section */

/* Begin PBXSourcesBuildPhase section */
		3DC3F9FD28910E4D003DDB0E /* Sources */ = {
			isa = PBXSourcesBuildPhase;
			buildActionMask = 2147483647;
			files = (
				3DC3FA312891144B003DDB0E /* BaseView.swift in Sources */,
				3DC3FA0728910E4D003DDB0E /* ContentView.swift in Sources */,
				3D50914D2894C6BB00F102BA /* Home.swift in Sources */,
				3DC3FA0528910E4D003DDB0E /* UXApp.swift in Sources */,
				3DC3FA34289116D5003DDB0E /* SideMenu.swift in Sources */,
			);
			runOnlyForDeploymentPostprocessing = 0;
		};
		3DC3FA0D28910E4F003DDB0E /* Sources */ = {
			isa = PBXSourcesBuildPhase;
			buildActionMask = 2147483647;
			files = (
				3DC3FA1628910E4F003DDB0E /* UXTests.swift in Sources */,
			);
			runOnlyForDeploymentPostprocessing = 0;
		};
		3DC3FA1728910E4F003DDB0E /* Sources */ = {
			isa = PBXSourcesBuildPhase;
			buildActionMask = 2147483647;
			files = (
				3DC3FA2028910E4F003DDB0E /* UXUITests.swift in Sources */,
				3DC3FA2228910E4F003DDB0E /* UXUITestsLaunchTests.swift in Sources */,
			);
			runOnlyForDeploymentPostprocessing = 0;
		};
/* End PBXSourcesBuildPhase section */

/* Begin PBXTargetDependency section */
		3DC3FA1328910E4F003DDB0E /* PBXTargetDependency */ = {
			isa = PBXTargetDependency;
			target = 3DC3FA0028910E4D003DDB0E /* UX */;
			targetProxy = 3DC3FA1228910E4F003DDB0E /* PBXContainerItemProxy */;
		};
		3DC3FA1D28910E4F003DDB0E /* PBXTargetDependency */ = {
			isa = PBXTargetDependency;
			target = 3DC3FA0028910E4D003DDB0E /* UX */;
			targetProxy = 3DC3FA1C28910E4F003DDB0E /* PBXContainerItemProxy */;
		};
/* End PBXTargetDependency section */

/* Begin XCBuildConfiguration section */
		3DC3FA2328910E4F003DDB0E /* Debug */ = {
			isa = XCBuildConfiguration;
			buildSettings = {
				ALWAYS_SEARCH_USER_PATHS = NO;
				CLANG_ANALYZER_NONNULL = YES;
				CLANG_ANALYZER_NUMBER_OBJECT_CONVERSION = YES_AGGRESSIVE;
				CLANG_CXX_LANGUAGE_STANDARD = "gnu++17";
				CLANG_ENABLE_MODULES = YES;
				CLANG_ENABLE_OBJC_ARC = YES;
				CLANG_ENABLE_OBJC_WEAK = YES;
				CLANG_WARN_BLOCK_CAPTURE_AUTORELEASING = YES;
				CLANG_WARN_BOOL_CONVERSION = YES;
				CLANG_WARN_COMMA = YES;
				CLANG_WARN_CONSTANT_CONVERSION = YES;
				CLANG_WARN_DEPRECATED_OBJC_IMPLEMENTATIONS = YES;
				CLANG_WARN_DIRECT_OBJC_ISA_USAGE = YES_ERROR;
				CLANG_WARN_DOCUMENTATION_COMMENTS = YES;
				CLANG_WARN_EMPTY_BODY = YES;
				CLANG_WARN_ENUM_CONVERSION = YES;
				CLANG_WARN_INFINITE_RECURSION = YES;
				CLANG_WARN_INT_CONVERSION = YES;
				CLANG_WARN_NON_LITERAL_NULL_CONVERSION = YES;
				CLANG_WARN_OBJC_IMPLICIT_RETAIN_SELF = YES;
				CLANG_WARN_OBJC_LITERAL_CONVERSION = YES;
				CLANG_WARN_OBJC_ROOT_CLASS = YES_ERROR;
				CLANG_WARN_QUOTED_INCLUDE_IN_FRAMEWORK_HEADER = YES;
				CLANG_WARN_RANGE_LOOP_ANALYSIS = YES;
				CLANG_WARN_STRICT_PROTOTYPES = YES;
				CLANG_WARN_SUSPICIOUS_MOVE = YES;
				CLANG_WARN_UNGUARDED_AVAILABILITY = YES_AGGRESSIVE;
				CLANG_WARN_UNREACHABLE_CODE = YES;
				CLANG_WARN__DUPLICATE_METHOD_MATCH = YES;
				COPY_PHASE_STRIP = NO;
				DEBUG_INFORMATION_FORMAT = dwarf;
				ENABLE_STRICT_OBJC_MSGSEND = YES;
				ENABLE_TESTABILITY = YES;
				GCC_C_LANGUAGE_STANDARD = gnu11;
				GCC_DYNAMIC_NO_PIC = NO;
				GCC_NO_COMMON_BLOCKS = YES;
				GCC_OPTIMIZATION_LEVEL = 0;
				GCC_PREPROCESSOR_DEFINITIONS = (
					"DEBUG=1",
					"$(inherited)",
				);
				GCC_WARN_64_TO_32_BIT_CONVERSION = YES;
				GCC_WARN_ABOUT_RETURN_TYPE = YES_ERROR;
				GCC_WARN_UNDECLARED_SELECTOR = YES;
				GCC_WARN_UNINITIALIZED_AUTOS = YES_AGGRESSIVE;
				GCC_WARN_UNUSED_FUNCTION = YES;
				GCC_WARN_UNUSED_VARIABLE = YES;
				IPHONEOS_DEPLOYMENT_TARGET = 15.5;
				MTL_ENABLE_DEBUG_INFO = INCLUDE_SOURCE;
				MTL_FAST_MATH = YES;
				ONLY_ACTIVE_ARCH = YES;
				SDKROOT = iphoneos;
				SWIFT_ACTIVE_COMPILATION_CONDITIONS = DEBUG;
				SWIFT_OPTIMIZATION_LEVEL = "-Onone";
			};
			name = Debug;
		};
		3DC3FA2428910E4F003DDB0E /* Release */ = {
			isa = XCBuildConfiguration;
			buildSettings = {
				ALWAYS_SEARCH_USER_PATHS = NO;
				CLANG_ANALYZER_NONNULL = YES;
				CLANG_ANALYZER_NUMBER_OBJECT_CONVERSION = YES_AGGRESSIVE;
				CLANG_CXX_LANGUAGE_STANDARD = "gnu++17";
				CLANG_ENABLE_MODULES = YES;
				CLANG_ENABLE_OBJC_ARC = YES;
				CLANG_ENABLE_OBJC_WEAK = YES;
				CLANG_WARN_BLOCK_CAPTURE_AUTORELEASING = YES;
				CLANG_WARN_BOOL_CONVERSION = YES;
				CLANG_WARN_COMMA = YES;
				CLANG_WARN_CONSTANT_CONVERSION = YES;
				CLANG_WARN_DEPRECATED_OBJC_IMPLEMENTATIONS = YES;
				CLANG_WARN_DIRECT_OBJC_ISA_USAGE = YES_ERROR;
				CLANG_WARN_DOCUMENTATION_COMMENTS = YES;
				CLANG_WARN_EMPTY_BODY = YES;
				CLANG_WARN_ENUM_CONVERSION = YES;
				CLANG_WARN_INFINITE_RECURSION = YES;
				CLANG_WARN_INT_CONVERSION = YES;
				CLANG_WARN_NON_LITERAL_NULL_CONVERSION = YES;
				CLANG_WARN_OBJC_IMPLICIT_RETAIN_SELF = YES;
				CLANG_WARN_OBJC_LITERAL_CONVERSION = YES;
				CLANG_WARN_OBJC_ROOT_CLASS = YES_ERROR;
				CLANG_WARN_QUOTED_INCLUDE_IN_FRAMEWORK_HEADER = YES;
				CLANG_WARN_RANGE_LOOP_ANALYSIS = YES;
				CLANG_WARN_STRICT_PROTOTYPES = YES;
				CLANG_WARN_SUSPICIOUS_MOVE = YES;
				CLANG_WARN_UNGUARDED_AVAILABILITY = YES_AGGRESSIVE;
				CLANG_WARN_UNREACHABLE_CODE = YES;
				CLANG_WARN__DUPLICATE_METHOD_MATCH = YES;
				COPY_PHASE_STRIP = NO;
				DEBUG_INFORMATION_FORMAT = "dwarf-with-dsym";
				ENABLE_NS_ASSERTIONS = NO;
				ENABLE_STRICT_OBJC_MSGSEND = YES;
				GCC_C_LANGUAGE_STANDARD = gnu11;
				GCC_NO_COMMON_BLOCKS = YES;
				GCC_WARN_64_TO_32_BIT_CONVERSION = YES;
				GCC_WARN_ABOUT_RETURN_TYPE = YES_ERROR;
				GCC_WARN_UNDECLARED_SELECTOR = YES;
				GCC_WARN_UNINITIALIZED_AUTOS = YES_AGGRESSIVE;
				GCC_WARN_UNUSED_FUNCTION = YES;
				GCC_WARN_UNUSED_VARIABLE = YES;
				IPHONEOS_DEPLOYMENT_TARGET = 15.5;
				MTL_ENABLE_DEBUG_INFO = NO;
				MTL_FAST_MATH = YES;
				SDKROOT = iphoneos;
				SWIFT_COMPILATION_MODE = wholemodule;
				SWIFT_OPTIMIZATION_LEVEL = "-O";
				VALIDATE_PRODUCT = YES;
			};
			name = Release;
		};
		3DC3FA2628910E4F003DDB0E /* Debug */ = {
			isa = XCBuildConfiguration;
			buildSettings = {
				ASSETCATALOG_COMPILER_APPICON_NAME = AppIcon;
				ASSETCATALOG_COMPILER_GLOBAL_ACCENT_COLOR_NAME = AccentColor;
				CODE_SIGN_STYLE = Automatic;
				CURRENT_PROJECT_VERSION = 1;
				DEVELOPMENT_ASSET_PATHS = "\"UX/Preview Content\"";
				DEVELOPMENT_TEAM = YY4H3MYC5F;
				ENABLE_PREVIEWS = YES;
				GENERATE_INFOPLIST_FILE = YES;
				INFOPLIST_KEY_UIApplicationSceneManifest_Generation = YES;
				INFOPLIST_KEY_UIApplicationSupportsIndirectInputEvents = YES;
				INFOPLIST_KEY_UILaunchScreen_Generation = YES;
				INFOPLIST_KEY_UISupportedInterfaceOrientations_iPad = "UIInterfaceOrientationPortrait UIInterfaceOrientationPortraitUpsideDown UIInterfaceOrientationLandscapeLeft UIInterfaceOrientationLandscapeRight";
				INFOPLIST_KEY_UISupportedInterfaceOrientations_iPhone = "UIInterfaceOrientationPortrait UIInterfaceOrientationLandscapeLeft UIInterfaceOrientationLandscapeRight";
				LD_RUNPATH_SEARCH_PATHS = (
					"$(inherited)",
					"@executable_path/Frameworks",
				);
				MARKETING_VERSION = 1.0;
				PRODUCT_BUNDLE_IDENTIFIER = co.WillCatonJr.UX;
				PRODUCT_NAME = "$(TARGET_NAME)";
				SWIFT_EMIT_LOC_STRINGS = YES;
				SWIFT_VERSION = 5.0;
				TARGETED_DEVICE_FAMILY = "1,2";
			};
			name = Debug;
		};
		3DC3FA2728910E4F003DDB0E /* Release */ = {
			isa = XCBuildConfiguration;
			buildSettings = {
				ASSETCATALOG_COMPILER_APPICON_NAME = AppIcon;
				ASSETCATALOG_COMPILER_GLOBAL_ACCENT_COLOR_NAME = AccentColor;
				CODE_SIGN_STYLE = Automatic;
				CURRENT_PROJECT_VERSION = 1;
				DEVELOPMENT_ASSET_PATHS = "\"UX/Preview Content\"";
				DEVELOPMENT_TEAM = YY4H3MYC5F;
				ENABLE_PREVIEWS = YES;
				GENERATE_INFOPLIST_FILE = YES;
				INFOPLIST_KEY_UIApplicationSceneManifest_Generation = YES;
				INFOPLIST_KEY_UIApplicationSupportsIndirectInputEvents = YES;
				INFOPLIST_KEY_UILaunchScreen_Generation = YES;
				INFOPLIST_KEY_UISupportedInterfaceOrientations_iPad = "UIInterfaceOrientationPortrait UIInterfaceOrientationPortraitUpsideDown UIInterfaceOrientationLandscapeLeft UIInterfaceOrientationLandscapeRight";
				INFOPLIST_KEY_UISupportedInterfaceOrientations_iPhone = "UIInterfaceOrientationPortrait UIInterfaceOrientationLandscapeLeft UIInterfaceOrientationLandscapeRight";
				LD_RUNPATH_SEARCH_PATHS = (
					"$(inherited)",
					"@executable_path/Frameworks",
				);
				MARKETING_VERSION = 1.0;
				PRODUCT_BUNDLE_IDENTIFIER = co.WillCatonJr.UX;
				PRODUCT_NAME = "$(TARGET_NAME)";
				SWIFT_EMIT_LOC_STRINGS = YES;
				SWIFT_VERSION = 5.0;
				TARGETED_DEVICE_FAMILY = "1,2";
			};
			name = Release;
		};
		3DC3FA2928910E4F003DDB0E /* Debug */ = {
			isa = XCBuildConfiguration;
			buildSettings = {
				ALWAYS_EMBED_SWIFT_STANDARD_LIBRARIES = YES;
				BUNDLE_LOADER = "$(TEST_HOST)";
				CODE_SIGN_STYLE = Automatic;
				CURRENT_PROJECT_VERSION = 1;
				DEVELOPMENT_TEAM = YY4H3MYC5F;
				GENERATE_INFOPLIST_FILE = YES;
				IPHONEOS_DEPLOYMENT_TARGET = 15.5;
				MARKETING_VERSION = 1.0;
				PRODUCT_BUNDLE_IDENTIFIER = co.WillCatonJr.UXTests;
				PRODUCT_NAME = "$(TARGET_NAME)";
				SWIFT_EMIT_LOC_STRINGS = NO;
				SWIFT_VERSION = 5.0;
				TARGETED_DEVICE_FAMILY = "1,2";
				TEST_HOST = "$(BUILT_PRODUCTS_DIR)/UX.app/UX";
			};
			name = Debug;
		};
		3DC3FA2A28910E4F003DDB0E /* Release */ = {
			isa = XCBuildConfiguration;
			buildSettings = {
				ALWAYS_EMBED_SWIFT_STANDARD_LIBRARIES = YES;
				BUNDLE_LOADER = "$(TEST_HOST)";
				CODE_SIGN_STYLE = Automatic;
				CURRENT_PROJECT_VERSION = 1;
				DEVELOPMENT_TEAM = YY4H3MYC5F;
				GENERATE_INFOPLIST_FILE = YES;
				IPHONEOS_DEPLOYMENT_TARGET = 15.5;
				MARKETING_VERSION = 1.0;
				PRODUCT_BUNDLE_IDENTIFIER = co.WillCatonJr.UXTests;
				PRODUCT_NAME = "$(TARGET_NAME)";
				SWIFT_EMIT_LOC_STRINGS = NO;
				SWIFT_VERSION = 5.0;
				TARGETED_DEVICE_FAMILY = "1,2";
				TEST_HOST = "$(BUILT_PRODUCTS_DIR)/UX.app/UX";
			};
			name = Release;
		};
		3DC3FA2C28910E4F003DDB0E /* Debug */ = {
			isa = XCBuildConfiguration;
			buildSettings = {
				ALWAYS_EMBED_SWIFT_STANDARD_LIBRARIES = YES;
				CODE_SIGN_STYLE = Automatic;
				CURRENT_PROJECT_VERSION = 1;
				DEVELOPMENT_TEAM = YY4H3MYC5F;
				GENERATE_INFOPLIST_FILE = YES;
				MARKETING_VERSION = 1.0;
				PRODUCT_BUNDLE_IDENTIFIER = co.WillCatonJr.UXUITests;
				PRODUCT_NAME = "$(TARGET_NAME)";
				SWIFT_EMIT_LOC_STRINGS = NO;
				SWIFT_VERSION = 5.0;
				TARGETED_DEVICE_FAMILY = "1,2";
				TEST_TARGET_NAME = UX;
			};
			name = Debug;
		};
		3DC3FA2D28910E4F003DDB0E /* Release */ = {
			isa = XCBuildConfiguration;
			buildSettings = {
				ALWAYS_EMBED_SWIFT_STANDARD_LIBRARIES = YES;
				CODE_SIGN_STYLE = Automatic;
				CURRENT_PROJECT_VERSION = 1;
				DEVELOPMENT_TEAM = YY4H3MYC5F;
				GENERATE_INFOPLIST_FILE = YES;
				MARKETING_VERSION = 1.0;
				PRODUCT_BUNDLE_IDENTIFIER = co.WillCatonJr.UXUITests;
				PRODUCT_NAME = "$(TARGET_NAME)";
				SWIFT_EMIT_LOC_STRINGS = NO;
				SWIFT_VERSION = 5.0;
				TARGETED_DEVICE_FAMILY = "1,2";
				TEST_TARGET_NAME = UX;
			};
			name = Release;
		};
/* End XCBuildConfiguration section */

/* Begin XCConfigurationList section */
		3DC3F9FC28910E4D003DDB0E /* Build configuration list for PBXProject "UX" */ = {
			isa = XCConfigurationList;
			buildConfigurations = (
				3DC3FA2328910E4F003DDB0E /* Debug */,
				3DC3FA2428910E4F003DDB0E /* Release */,
			);
			defaultConfigurationIsVisible = 0;
			defaultConfigurationName = Release;
		};
		3DC3FA2528910E4F003DDB0E /* Build configuration list for PBXNativeTarget "UX" */ = {
			isa = XCConfigurationList;
			buildConfigurations = (
				3DC3FA2628910E4F003DDB0E /* Debug */,
				3DC3FA2728910E4F003DDB0E /* Release */,
			);
			defaultConfigurationIsVisible = 0;
			defaultConfigurationName = Release;
		};
		3DC3FA2828910E4F003DDB0E /* Build configuration list for PBXNativeTarget "UXTests" */ = {
			isa = XCConfigurationList;
			buildConfigurations = (
				3DC3FA2928910E4F003DDB0E /* Debug */,
				3DC3FA2A28910E4F003DDB0E /* Release */,
			);
			defaultConfigurationIsVisible = 0;
			defaultConfigurationName = Release;
		};
		3DC3FA2B28910E4F003DDB0E /* Build configuration list for PBXNativeTarget "UXUITests" */ = {
			isa = XCConfigurationList;
			buildConfigurations = (
				3DC3FA2C28910E4F003DDB0E /* Debug */,
				3DC3FA2D28910E4F003DDB0E /* Release */,
			);
			defaultConfigurationIsVisible = 0;
			defaultConfigurationName = Release;
		};
/* End XCConfigurationList section */
	};
	rootObject = 3DC3F9F928910E4D003DDB0E /* Project object */;
}
